
Microsoft Visual Studio Solution File, Format Version 12.00
# Visual Studio Version 16
VisualStudioVersion = 16.0.32901.82
MinimumVisualStudioVersion = 10.0.40219.1
Project("{FAE04EC0-301F-11D3-BF4B-00C04F79EFBC}") = "MyCalculator", "MyCalculator\MyCalculator.csproj", "{A1DD8609-A509-4867-8F0F-0BD42FD35C8F}"
EndProject
Global
	GlobalSection(SolutionConfigurationPlatforms) = preSolution
		Debug|Any CPU = Debug|Any CPU
		Release|Any CPU = Release|Any CPU
	EndGlobalSection
	GlobalSection(ProjectConfigurationPlatforms) = postSolution
		{A1DD8609-A509-4867-8F0F-0BD42FD35C8F}.Debug|Any CPU.ActiveCfg = Debug|Any CPU
		{A1DD8609-A509-4867-8F0F-0BD42FD35C8F}.Debug|Any CPU.Build.0 = Debug|Any CPU
		{A1DD8609-A509-4867-8F0F-0BD42FD35C8F}.Release|Any CPU.ActiveCfg = Release|Any CPU
		{A1DD8609-A509-4867-8F0F-0BD42FD35C8F}.Release|Any CPU.Build.0 = Release|Any CPU
	EndGlobalSection
	GlobalSection(SolutionProperties) = preSolution
		HideSolutionNode = FALSE
	EndGlobalSection
	GlobalSection(ExtensibilityGlobals) = postSolution
		SolutionGuid = {B4C3B429-93AD-47CD-91CB-8E60C7B83881}
	EndGlobalSection
EndGlobal
